{
  "name": "mc-afk-bot",
  "version": "1.0.0",
  "lockfileVersion": 2,
  "requires": true,
  "packages": {
    "": {
      "version": "1.0.0",
      "license": "ISC",
      "dependencies": {
        "chalk": "^4.1.0",
        "mineflayer": "^2.41.0",
        "mineflayer-move": "github:cheezbarger/mineflayer-move",
        "mineflayer-navigate": "^0.0.10",
        "readline": "^1.3.0"
      }
    },
    "node_modules/@xboxreplay/errors": {
      "version": "0.1.0",
      "license": "MIT"
    },
    "node_modules/@xboxreplay/xboxlive-auth": {
      "version": "3.3.3",
      "license": "MIT",
      "dependencies": {
        "@xboxreplay/errors": "^0.1.0",
        "axios": "^0.21.1"
      }
    },
    "node_modules/a-star": {
      "version": "0.2.0",
      "resolved": "https://registry.npmjs.org/a-star/-/a-star-0.2.0.tgz",
      "integrity": "sha1-oUI8gww7+aJZ1JC/vycQ55LwRPk=",
      "dependencies": {
        "dict": "^1.4.0",
        "heap": "^0.2.3",
        "Set": "^0.4.1"
      }
    },
    "node_modules/aes-js": {
      "version": "3.1.2",
      "license": "MIT"
    },
    "node_modules/ajv": {
      "version": "6.12.6",
      "license": "MIT",
      "dependencies": {
        "fast-deep-equal": "^3.1.1",
        "fast-json-stable-stringify": "^2.0.0",
        "json-schema-traverse": "^0.4.1",
        "uri-js": "^4.2.2"
      },
      "funding": {
        "type": "github",
        "url": "https://github.com/sponsors/epoberezkin"
      }
    },
    "node_modules/ansi-styles": {
      "version": "4.3.0",
      "resolved": "https://registry.npmjs.org/ansi-styles/-/ansi-styles-4.3.0.tgz",
      "integrity": "sha512-zbB9rCJAT1rbjiVDb2hqKFHNYLxgtk8NURxZ3IZwD3F6NtxbXZQCnnSi1Lkx+IDohdPlFp222wVALIheZJQSEg==",
      "dependencies": {
        "color-convert": "^2.0.1"
      },
      "engines": {
        "node": ">=8"
      },
      "funding": {
        "url": "https://github.com/chalk/ansi-styles?sponsor=1"
      }
    },
    "node_modules/asap": {
      "version": "1.0.0"
    },
    "node_modules/asn1": {
      "version": "0.2.3",
      "license": "MIT"
    },
    "node_modules/axios": {
      "version": "0.21.1",
      "license": "MIT",
      "dependencies": {
        "follow-redirects": "^1.10.0"
      }
    },
    "node_modules/buffer-equal": {
      "version": "1.0.0",
      "license": "MIT",
      "engines": {
        "node": ">=0.4.0"
      }
    },
    "node_modules/centra": {
      "version": "2.4.2",
      "license": "MIT"
    },
    "node_modules/chalk": {
      "version": "4.1.0",
      "resolved": "https://registry.npmjs.org/chalk/-/chalk-4.1.0.tgz",
      "integrity": "sha512-qwx12AxXe2Q5xQ43Ac//I6v5aXTipYrSESdOgzrN+9XjgEpyjpKuvSGaN4qE93f7TQTlerQQ8S+EQ0EyDoVL1A==",
      "dependencies": {
        "ansi-styles": "^4.1.0",
        "supports-color": "^7.1.0"
      },
      "engines": {
        "node": ">=10"
      },
      "funding": {
        "url": "https://github.com/chalk/chalk?sponsor=1"
      }
    },
    "node_modules/color-convert": {
      "version": "2.0.1",
      "resolved": "https://registry.npmjs.org/color-convert/-/color-convert-2.0.1.tgz",
      "integrity": "sha512-RRECPsj7iu/xb5oKYcsFHSppFNnsj/52OVTRKb4zP5onXwVF3zVmmToNcOfGC+CRDpfK/U584fMg38ZHCaElKQ==",
      "dependencies": {
        "color-name": "~1.1.4"
      },
      "engines": {
        "node": ">=7.0.0"
      }
    },
    "node_modules/color-name": {
      "version": "1.1.4",
      "resolved": "https://registry.npmjs.org/color-name/-/color-name-1.1.4.tgz",
      "integrity": "sha512-dOy+3AuW3a2wNbZHIuMZpTcgjGuLU/uBL/ubcZF9OXbDo8ff4O8yVp5Bf0efS8uEoYo5q4Fx7dY9OgQGXgAsQA=="
    },
    "node_modules/commander": {
      "version": "2.20.3",
      "license": "MIT"
    },
    "node_modules/debug": {
      "version": "4.3.1",
      "license": "MIT",
      "dependencies": {
        "ms": "2.1.2"
      },
      "engines": {
        "node": ">=6.0"
      },
      "peerDependenciesMeta": {
        "supports-color": {
          "optional": true
        }
      }
    },
    "node_modules/dict": {
      "version": "1.4.0",
      "resolved": "https://registry.npmjs.org/dict/-/dict-1.4.0.tgz",
      "integrity": "sha1-g9h9V88MSsDYNGCESLEKbiO7/qA="
    },
    "node_modules/discontinuous-range": {
      "version": "1.0.0",
      "license": "MIT"
    },
    "node_modules/endian-toggle": {
      "version": "0.0.0",
      "license": "MIT"
    },
    "node_modules/event-promise": {
      "version": "0.0.1",
      "license": "MIT",
      "dependencies": {
        "promise": "^5.0.0"
      }
    },
    "node_modules/fast-deep-equal": {
      "version": "3.1.3",
      "license": "MIT"
    },
    "node_modules/fast-json-stable-stringify": {
      "version": "2.1.0",
      "license": "MIT"
    },
    "node_modules/follow-redirects": {
      "version": "1.13.2",
      "funding": [
        {
          "type": "individual",
          "url": "https://github.com/sponsors/RubenVerborgh"
        }
      ],
      "license": "MIT",
      "engines": {
        "node": ">=4.0"
      },
      "peerDependenciesMeta": {
        "debug": {
          "optional": true
        }
      }
    },
    "node_modules/has-flag": {
      "version": "4.0.0",
      "resolved": "https://registry.npmjs.org/has-flag/-/has-flag-4.0.0.tgz",
      "integrity": "sha512-EykJT/Q1KjTWctppgIAgfSO0tKVuZUjhgMr17kqTumMl6Afv3EISleU7qZUzoXDFTAHTDC4NOoG/ZxU3EvlMPQ==",
      "engines": {
        "node": ">=8"
      }
    },
    "node_modules/heap": {
      "version": "0.2.6",
      "resolved": "https://registry.npmjs.org/heap/-/heap-0.2.6.tgz",
      "integrity": "sha1-CH4fELBGky/IWU3Z5tN4r8nR5aw="
    },
    "node_modules/inherits": {
      "version": "2.0.4",
      "license": "ISC"
    },
    "node_modules/json-schema-traverse": {
      "version": "0.4.1",
      "license": "MIT"
    },
    "node_modules/lodash.get": {
      "version": "4.4.2",
      "license": "MIT"
    },
    "node_modules/lodash.merge": {
      "version": "4.6.2",
      "license": "MIT"
    },
    "node_modules/lodash.reduce": {
      "version": "4.6.0",
      "license": "MIT"
    },
    "node_modules/macaddress": {
      "version": "0.5.1",
      "license": "MIT"
    },
    "node_modules/minecraft-data": {
      "version": "2.74.0",
      "license": "MIT"
    },
    "node_modules/minecraft-folder-path": {
      "version": "1.1.0",
      "license": "MIT",
      "dependencies": {
        "user-settings-dir": "0.0.3"
      }
    },
    "node_modules/minecraft-protocol": {
      "version": "1.22.0",
      "license": "BSD-3-Clause",
      "dependencies": {
        "@xboxreplay/xboxlive-auth": "^3.3.0",
        "aes-js": "^3.1.2",
        "buffer-equal": "^1.0.0",
        "debug": "^4.1.0",
        "endian-toggle": "^0.0.0",
        "lodash.get": "^4.1.2",
        "lodash.merge": "^4.3.0",
        "minecraft-data": "^2.70.0",
        "minecraft-folder-path": "^1.1.0",
        "node-fetch": "^2.6.1",
        "node-rsa": "^0.4.2",
        "prismarine-nbt": "^1.3.0",
        "protodef": "^1.8.0",
        "readable-stream": "^3.0.6",
        "uuid-1345": "^1.0.1",
        "yggdrasil": "^1.4.0"
      },
      "engines": {
        "node": ">=6"
      }
    },
    "node_modules/mineflayer": {
      "version": "2.41.0",
      "license": "MIT",
      "dependencies": {
        "minecraft-data": "^2.70.0",
        "minecraft-protocol": "^1.17.0",
        "prismarine-biome": "^1.1.0",
        "prismarine-block": "^1.6.0",
        "prismarine-chat": "^1.0.0",
        "prismarine-chunk": "^1.20.3",
        "prismarine-entity": "^1.0.0",
        "prismarine-item": "^1.5.0",
        "prismarine-physics": "^1.0.4",
        "prismarine-recipe": "^1.1.0",
        "prismarine-windows": "^1.5.0",
        "prismarine-world": "^3.2.0",
        "protodef": "^1.8.0",
        "typed-emitter": "^1.2.0",
        "vec3": "^0.1.6"
      },
      "engines": {
        "node": ">=14"
      }
    },
    "node_modules/mineflayer-move": {
      "version": "1.0.0",
      "resolved": "git+ssh://git@github.com/cheezbarger/mineflayer-move.git#9cd0eddb0eae565066a0b453b3a0447a4757b64a",
      "license": "MIT",
      "dependencies": {
        "mineflayer": "^2.7.3",
        "vec3": "^0.1.3"
      }
    },
    "node_modules/mineflayer-navigate": {
      "version": "0.0.10",
      "resolved": "https://registry.npmjs.org/mineflayer-navigate/-/mineflayer-navigate-0.0.10.tgz",
      "integrity": "sha1-fbUrR/1ByaJT5IeIXtR8f8P7UPg=",
      "dependencies": {
        "a-star": "^0.2.0",
        "vec3": "^0.1.3"
      }
    },
    "node_modules/mojangson": {
      "version": "1.1.1",
      "license": "MIT",
      "dependencies": {
        "nearley": "^2.19.5"
      }
    },
    "node_modules/moo": {
      "version": "0.5.1",
      "license": "BSD-3-Clause"
    },
    "node_modules/ms": {
      "version": "2.1.2",
      "license": "MIT"
    },
    "node_modules/nearley": {
      "version": "2.20.1",
      "license": "MIT",
      "dependencies": {
        "commander": "^2.19.0",
        "moo": "^0.5.0",
        "railroad-diagrams": "^1.0.0",
        "randexp": "0.4.6"
      },
      "bin": {
        "nearley-railroad": "bin/nearley-railroad.js",
        "nearley-test": "bin/nearley-test.js",
        "nearley-unparse": "bin/nearley-unparse.js",
        "nearleyc": "bin/nearleyc.js"
      },
      "funding": {
        "type": "individual",
        "url": "https://nearley.js.org/#give-to-nearley"
      }
    },
    "node_modules/node-fetch": {
      "version": "2.6.1",
      "license": "MIT",
      "engines": {
        "node": "4.x || >=6.0.0"
      }
    },
    "node_modules/node-rsa": {
      "version": "0.4.2",
      "license": "MIT",
      "dependencies": {
        "asn1": "0.2.3"
      }
    },
    "node_modules/phin": {
      "version": "3.5.1",
      "license": "MIT",
      "dependencies": {
        "centra": "^2.4.2"
      },
      "engines": {
        "node": ">= 8"
      }
    },
    "node_modules/prismarine-biome": {
      "version": "1.1.1",
      "license": "MIT",
      "peerDependencies": {
        "minecraft-data": "^2.0.0"
      }
    },
    "node_modules/prismarine-block": {
      "version": "1.7.3",
      "license": "MIT",
      "dependencies": {
        "prismarine-biome": "^1.1.0"
      },
      "peerDependencies": {
        "minecraft-data": "^2.62.1"
      }
    },
    "node_modules/prismarine-chat": {
      "version": "1.0.3",
      "license": "MIT",
      "dependencies": {
        "minecraft-data": "^2.62.1",
        "mojangson": "^1.0.0",
        "sprintf-js": "^1.1.2"
      }
    },
    "node_modules/prismarine-chunk": {
      "version": "1.22.0",
      "license": "MIT",
      "dependencies": {
        "minecraft-data": "^2.61.0",
        "prismarine-block": "^1.2.0",
        "smart-buffer": "^4.1.0",
        "uint4": "^0.1.2",
        "vec3": "^0.1.3"
      },
      "engines": {
        "node": ">=12"
      }
    },
    "node_modules/prismarine-entity": {
      "version": "1.1.0",
      "license": "MIT",
      "dependencies": {
        "vec3": "^0.1.4"
      }
    },
    "node_modules/prismarine-item": {
      "version": "1.5.0",
      "license": "MIT",
      "peerDependencies": {
        "minecraft-data": "^2.35.0"
      }
    },
    "node_modules/prismarine-nbt": {
      "version": "1.4.0",
      "license": "MIT",
      "dependencies": {
        "protodef": "^1.7.0"
      }
    },
    "node_modules/prismarine-physics": {
      "version": "1.2.1",
      "license": "MIT",
      "dependencies": {
        "prismarine-nbt": "^1.4.0",
        "vec3": "^0.1.7"
      }
    },
    "node_modules/prismarine-recipe": {
      "version": "1.1.0",
      "license": "MIT",
      "peerDependencies": {
        "minecraft-data": "^2.0.0"
      }
    },
    "node_modules/prismarine-windows": {
      "version": "1.6.0",
      "license": "MIT",
      "dependencies": {
        "prismarine-item": "^1.4.0"
      }
    },
    "node_modules/prismarine-world": {
      "version": "3.2.0",
      "license": "MIT",
      "dependencies": {
        "event-promise": "0.0.1",
        "vec3": "~0.1.3"
      },
      "engines": {
        "nodejs": ">=8.0.0"
      }
    },
    "node_modules/promise": {
      "version": "5.0.0",
      "license": "MIT",
      "dependencies": {
        "asap": "~1.0.0"
      }
    },
    "node_modules/protodef": {
      "version": "1.8.3",
      "license": "MIT",
      "dependencies": {
        "lodash.get": "^4.4.2",
        "lodash.reduce": "^4.6.0",
        "protodef-validator": "^1.2.2",
        "readable-stream": "^3.0.3"
      },
      "engines": {
        "node": ">=6"
      }
    },
    "node_modules/protodef-validator": {
      "version": "1.2.3",
      "license": "MIT",
      "dependencies": {
        "ajv": "^6.5.4"
      },
      "bin": {
        "protodef-validator": "cli.js"
      }
    },
    "node_modules/punycode": {
      "version": "2.1.1",
      "license": "MIT",
      "engines": {
        "node": ">=6"
      }
    },
    "node_modules/railroad-diagrams": {
      "version": "1.0.0",
      "license": "CC0-1.0"
    },
    "node_modules/randexp": {
      "version": "0.4.6",
      "license": "MIT",
      "dependencies": {
        "discontinuous-range": "1.0.0",
        "ret": "~0.1.10"
      },
      "engines": {
        "node": ">=0.12"
      }
    },
    "node_modules/readable-stream": {
      "version": "3.6.0",
      "license": "MIT",
      "dependencies": {
        "inherits": "^2.0.3",
        "string_decoder": "^1.1.1",
        "util-deprecate": "^1.0.1"
      },
      "engines": {
        "node": ">= 6"
      }
    },
    "node_modules/readline": {
      "version": "1.3.0",
      "license": "BSD"
    },
    "node_modules/ret": {
      "version": "0.1.15",
      "license": "MIT",
      "engines": {
        "node": ">=0.12"
      }
    },
    "node_modules/safe-buffer": {
      "version": "5.2.1",
      "funding": [
        {
          "type": "github",
          "url": "https://github.com/sponsors/feross"
        },
        {
          "type": "patreon",
          "url": "https://www.patreon.com/feross"
        },
        {
          "type": "consulting",
          "url": "https://feross.org/support"
        }
      ],
      "license": "MIT"
    },
    "node_modules/Set": {
      "version": "0.4.1",
      "resolved": "https://registry.npmjs.org/Set/-/Set-0.4.1.tgz",
      "integrity": "sha1-g4VYe+mGPknS/9eoXhoeSxFjPKY=",
      "engines": {
        "node": "*"
      }
    },
    "node_modules/smart-buffer": {
      "version": "4.1.0",
      "license": "MIT",
      "engines": {
        "node": ">= 6.0.0",
        "npm": ">= 3.0.0"
      }
    },
    "node_modules/sprintf-js": {
      "version": "1.1.2",
      "license": "BSD-3-Clause"
    },
    "node_modules/string_decoder": {
      "version": "1.3.0",
      "license": "MIT",
      "dependencies": {
        "safe-buffer": "~5.2.0"
      }
    },
    "node_modules/supports-color": {
      "version": "7.2.0",
      "resolved": "https://registry.npmjs.org/supports-color/-/supports-color-7.2.0.tgz",
      "integrity": "sha512-qpCAvRl9stuOHveKsn7HncJRvv501qIacKzQlO/+Lwxc9+0q2wLyv4Dfvt80/DPn2pqOBsJdDiogXGR9+OvwRw==",
      "dependencies": {
        "has-flag": "^4.0.0"
      },
      "engines": {
        "node": ">=8"
      }
    },
    "node_modules/typed-emitter": {
      "version": "1.3.1",
      "license": "MIT"
    },
    "node_modules/uint4": {
      "version": "0.1.2",
      "license": "MIT"
    },
    "node_modules/uri-js": {
      "version": "4.4.1",
      "license": "BSD-2-Clause",
      "dependencies": {
        "punycode": "^2.1.0"
      }
    },
    "node_modules/user-settings-dir": {
      "version": "0.0.3",
      "license": "MIT"
    },
    "node_modules/util-deprecate": {
      "version": "1.0.2",
      "license": "MIT"
    },
    "node_modules/uuid": {
      "version": "8.3.2",
      "license": "MIT",
      "bin": {
        "uuid": "dist/bin/uuid"
      }
    },
    "node_modules/uuid-1345": {
      "version": "1.0.2",
      "license": "MIT",
      "dependencies": {
        "macaddress": "^0.5.1"
      }
    },
    "node_modules/vec3": {
      "version": "0.1.7",
      "license": "BSD"
    },
    "node_modules/yggdrasil": {
      "version": "1.4.0",
      "license": "MIT",
      "dependencies": {
        "phin": "^3.4.1",
        "uuid": "^8.2.0"
      }
    }
  },
  "dependencies": {
    "@xboxreplay/errors": {
      "version": "0.1.0"
    },
    "@xboxreplay/xboxlive-auth": {
      "version": "3.3.3",
      "requires": {
        "@xboxreplay/errors": "^0.1.0",
        "axios": "^0.21.1"
      }
    },
    "a-star": {
      "version": "0.2.0",
      "resolved": "https://registry.npmjs.org/a-star/-/a-star-0.2.0.tgz",
      "integrity": "sha1-oUI8gww7+aJZ1JC/vycQ55LwRPk=",
      "requires": {
        "dict": "^1.4.0",
        "heap": "^0.2.3",
        "Set": "^0.4.1"
      }
    },
    "aes-js": {
      "version": "3.1.2"
    },
    "ajv": {
      "version": "6.12.6",
      "requires": {
        "fast-deep-equal": "^3.1.1",
        "fast-json-stable-stringify": "^2.0.0",
        "json-schema-traverse": "^0.4.1",
        "uri-js": "^4.2.2"
      }
    },
    "ansi-styles": {
      "version": "4.3.0",
      "resolved": "https://registry.npmjs.org/ansi-styles/-/ansi-styles-4.3.0.tgz",
      "integrity": "sha512-zbB9rCJAT1rbjiVDb2hqKFHNYLxgtk8NURxZ3IZwD3F6NtxbXZQCnnSi1Lkx+IDohdPlFp222wVALIheZJQSEg==",
      "requires": {
        "color-convert": "^2.0.1"
      }
    },
    "asap": {
      "version": "1.0.0"
    },
    "asn1": {
      "version": "0.2.3"
    },
    "axios": {
      "version": "0.21.1",
      "requires": {
        "follow-redirects": "^1.10.0"
      }
    },
    "buffer-equal": {
      "version": "1.0.0"
    },
    "centra": {
      "version": "2.4.2"
    },
    "chalk": {
      "version": "4.1.0",
      "resolved": "https://registry.npmjs.org/chalk/-/chalk-4.1.0.tgz",
      "integrity": "sha512-qwx12AxXe2Q5xQ43Ac//I6v5aXTipYrSESdOgzrN+9XjgEpyjpKuvSGaN4qE93f7TQTlerQQ8S+EQ0EyDoVL1A==",
      "requires": {
        "ansi-styles": "^4.1.0",
        "supports-color": "^7.1.0"
      }
    },
    "color-convert": {
      "version": "2.0.1",
      "resolved": "https://registry.npmjs.org/color-convert/-/color-convert-2.0.1.tgz",
      "integrity": "sha512-RRECPsj7iu/xb5oKYcsFHSppFNnsj/52OVTRKb4zP5onXwVF3zVmmToNcOfGC+CRDpfK/U584fMg38ZHCaElKQ==",
      "requires": {
        "color-name": "~1.1.4"
      }
    },
    "color-name": {
      "version": "1.1.4",
      "resolved": "https://registry.npmjs.org/color-name/-/color-name-1.1.4.tgz",
      "integrity": "sha512-dOy+3AuW3a2wNbZHIuMZpTcgjGuLU/uBL/ubcZF9OXbDo8ff4O8yVp5Bf0efS8uEoYo5q4Fx7dY9OgQGXgAsQA=="
    },
    "commander": {
      "version": "2.20.3"
    },
    "debug": {
      "version": "4.3.1",
      "requires": {
        "ms": "2.1.2"
      }
    },
    "dict": {
      "version": "1.4.0",
      "resolved": "https://registry.npmjs.org/dict/-/dict-1.4.0.tgz",
      "integrity": "sha1-g9h9V88MSsDYNGCESLEKbiO7/qA="
    },
    "discontinuous-range": {
      "version": "1.0.0"
    },
    "endian-toggle": {
      "version": "0.0.0"
    },
    "event-promise": {
      "version": "0.0.1",
      "requires": {
        "promise": "^5.0.0"
      }
    },
    "fast-deep-equal": {
      "version": "3.1.3"
    },
    "fast-json-stable-stringify": {
      "version": "2.1.0"
    },
    "follow-redirects": {
      "version": "1.13.2"
    },
    "has-flag": {
      "version": "4.0.0",
      "resolved": "https://registry.npmjs.org/has-flag/-/has-flag-4.0.0.tgz",
      "integrity": "sha512-EykJT/Q1KjTWctppgIAgfSO0tKVuZUjhgMr17kqTumMl6Afv3EISleU7qZUzoXDFTAHTDC4NOoG/ZxU3EvlMPQ=="
    },
    "heap": {
      "version": "0.2.6",
      "resolved": "https://registry.npmjs.org/heap/-/heap-0.2.6.tgz",
      "integrity": "sha1-CH4fELBGky/IWU3Z5tN4r8nR5aw="
    },
    "inherits": {
      "version": "2.0.4"
    },
    "json-schema-traverse": {
      "version": "0.4.1"
    },
    "lodash.get": {
      "version": "4.4.2"
    },
    "lodash.merge": {
      "version": "4.6.2"
    },
    "lodash.reduce": {
      "version": "4.6.0"
    },
    "macaddress": {
      "version": "0.5.1"
    },
    "minecraft-data": {
      "version": "2.74.0"
    },
    "minecraft-folder-path": {
      "version": "1.1.0",
      "requires": {
        "user-settings-dir": "0.0.3"
      }
    },
    "minecraft-protocol": {
      "version": "1.22.0",
      "requires": {
        "@xboxreplay/xboxlive-auth": "^3.3.0",
        "aes-js": "^3.1.2",
        "buffer-equal": "^1.0.0",
        "debug": "^4.1.0",
        "endian-toggle": "^0.0.0",
        "lodash.get": "^4.1.2",
        "lodash.merge": "^4.3.0",
        "minecraft-data": "^2.70.0",
        "minecraft-folder-path": "^1.1.0",
        "node-fetch": "^2.6.1",
        "node-rsa": "^0.4.2",
        "prismarine-nbt": "^1.3.0",
        "protodef": "^1.8.0",
        "readable-stream": "^3.0.6",
        "uuid-1345": "^1.0.1",
        "yggdrasil": "^1.4.0"
      }
    },
    "mineflayer": {
      "version": "2.41.0",
      "requires": {
        "minecraft-data": "^2.70.0",
        "minecraft-protocol": "^1.17.0",
        "prismarine-biome": "^1.1.0",
        "prismarine-block": "^1.6.0",
        "prismarine-chat": "^1.0.0",
        "prismarine-chunk": "^1.20.3",
        "prismarine-entity": "^1.0.0",
        "prismarine-item": "^1.5.0",
        "prismarine-physics": "^1.0.4",
        "prismarine-recipe": "^1.1.0",
        "prismarine-windows": "^1.5.0",
        "prismarine-world": "^3.2.0",
        "protodef": "^1.8.0",
        "typed-emitter": "^1.2.0",
        "vec3": "^0.1.6"
      }
    },
    "mineflayer-move": {
      "version": "git+ssh://git@github.com/cheezbarger/mineflayer-move.git#9cd0eddb0eae565066a0b453b3a0447a4757b64a",
      "from": "mineflayer-move@github:cheezbarger/mineflayer-move",
      "requires": {
        "mineflayer": "^2.7.3",
        "vec3": "^0.1.3"
      }
    },
    "mineflayer-navigate": {
      "version": "0.0.10",
      "resolved": "https://registry.npmjs.org/mineflayer-navigate/-/mineflayer-navigate-0.0.10.tgz",
      "integrity": "sha1-fbUrR/1ByaJT5IeIXtR8f8P7UPg=",
      "requires": {
        "a-star": "^0.2.0",
        "vec3": "^0.1.3"
      }
    },
    "mojangson": {
      "version": "1.1.1",
      "requires": {
        "nearley": "^2.19.5"
      }
    },
    "moo": {
      "version": "0.5.1"
    },
    "ms": {
      "version": "2.1.2"
    },
    "nearley": {
      "version": "2.20.1",
      "requires": {
        "commander": "^2.19.0",
        "moo": "^0.5.0",
        "railroad-diagrams": "^1.0.0",
        "randexp": "0.4.6"
      }
    },
    "node-fetch": {
      "version": "2.6.1"
    },
    "node-rsa": {
      "version": "0.4.2",
      "requires": {
        "asn1": "0.2.3"
      }
    },
    "phin": {
      "version": "3.5.1",
      "requires": {
        "centra": "^2.4.2"
      }
    },
    "prismarine-biome": {
      "version": "1.1.1",
      "requires": {}
    },
    "prismarine-block": {
      "version": "1.7.3",
      "requires": {
        "prismarine-biome": "^1.1.0"
      }
    },
    "prismarine-chat": {
      "version": "1.0.3",
      "requires": {
        "minecraft-data": "^2.62.1",
        "mojangson": "^1.0.0",
        "sprintf-js": "^1.1.2"
      }
    },
    "prismarine-chunk": {
      "version": "1.22.0",
      "requires": {
        "minecraft-data": "^2.61.0",
        "prismarine-block": "^1.2.0",
        "smart-buffer": "^4.1.0",
        "uint4": "^0.1.2",
        "vec3": "^0.1.3"
      }
    },
    "prismarine-entity": {
      "version": "1.1.0",
      "requires": {
        "vec3": "^0.1.4"
      }
    },
    "prismarine-item": {
      "version": "1.5.0",
      "requires": {}
    },
    "prismarine-nbt": {
      "version": "1.4.0",
      "requires": {
        "protodef": "^1.7.0"
      }
    },
    "prismarine-physics": {
      "version": "1.2.1",
      "requires": {
        "prismarine-nbt": "^1.4.0",
        "vec3": "^0.1.7"
      }
    },
    "prismarine-recipe": {
      "version": "1.1.0",
      "requires": {}
    },
    "prismarine-windows": {
      "version": "1.6.0",
      "requires": {
        "prismarine-item": "^1.4.0"
      }
    },
    "prismarine-world": {
      "version": "3.2.0",
      "requires": {
        "event-promise": "0.0.1",
        "vec3": "~0.1.3"
      }
    },
    "promise": {
      "version": "5.0.0",
      "requires": {
        "asap": "~1.0.0"
      }
    },
    "protodef": {
      "version": "1.8.3",
      "requires": {
        "lodash.get": "^4.4.2",
        "lodash.reduce": "^4.6.0",
        "protodef-validator": "^1.2.2",
        "readable-stream": "^3.0.3"
      }
    },
    "protodef-validator": {
      "version": "1.2.3",
      "requires": {
        "ajv": "^6.5.4"
      }
    },
    "punycode": {
      "version": "2.1.1"
    },
    "railroad-diagrams": {
      "version": "1.0.0"
    },
    "randexp": {
      "version": "0.4.6",
      "requires": {
        "discontinuous-range": "1.0.0",
        "ret": "~0.1.10"
      }
    },
    "readable-stream": {
      "version": "3.6.0",
      "requires": {
        "inherits": "^2.0.3",
        "string_decoder": "^1.1.1",
        "util-deprecate": "^1.0.1"
      }
    },
    "readline": {
      "version": "1.3.0"
    },
    "ret": {
      "version": "0.1.15"
    },
    "safe-buffer": {
      "version": "5.2.1"
    },
    "Set": {
      "version": "0.4.1",
      "resolved": "https://registry.npmjs.org/Set/-/Set-0.4.1.tgz",
      "integrity": "sha1-g4VYe+mGPknS/9eoXhoeSxFjPKY="
    },
    "smart-buffer": {
      "version": "4.1.0"
    },
    "sprintf-js": {
      "version": "1.1.2"
    },
    "string_decoder": {
      "version": "1.3.0",
      "requires": {
        "safe-buffer": "~5.2.0"
      }
    },
    "supports-color": {
      "version": "7.2.0",
      "resolved": "https://registry.npmjs.org/supports-color/-/supports-color-7.2.0.tgz",
      "integrity": "sha512-qpCAvRl9stuOHveKsn7HncJRvv501qIacKzQlO/+Lwxc9+0q2wLyv4Dfvt80/DPn2pqOBsJdDiogXGR9+OvwRw==",
      "requires": {
        "has-flag": "^4.0.0"
      }
    },
    "typed-emitter": {
      "version": "1.3.1"
    },
    "uint4": {
      "version": "0.1.2"
    },
    "uri-js": {
      "version": "4.4.1",
      "requires": {
        "punycode": "^2.1.0"
      }
    },
    "user-settings-dir": {
      "version": "0.0.3"
    },
    "util-deprecate": {
      "version": "1.0.2"
    },
    "uuid": {
      "version": "8.3.2"
    },
    "uuid-1345": {
      "version": "1.0.2",
      "requires": {
        "macaddress": "^0.5.1"
      }
    },
    "vec3": {
      "version": "0.1.7"
    },
    "yggdrasil": {
      "version": "1.4.0",
      "requires": {
        "phin": "^3.4.1",
        "uuid": "^8.2.0"
      }
    }
  }
}
